// !$*UTF8*$!
{
	archiveVersion = 1;
	classes = {
	};
	objectVersion = 50;
	objects = {

/* Begin PBXBuildFile section */
		1612DC4A418B21F47730211A /* Pods_NamYangju_Hackathon.framework in Frameworks */ = {isa = PBXBuildFile; fileRef = 9A34414AAE34371802C36F68 /* Pods_NamYangju_Hackathon.framework */; };
		78633E7A211EC17100E658C4 /* LoginVC.swift in Sources */ = {isa = PBXBuildFile; fileRef = 78633E79211EC17100E658C4 /* LoginVC.swift */; };
		787BD39C211F061100027ED2 /* thumb.png in Resources */ = {isa = PBXBuildFile; fileRef = 787BD39B211F061100027ED2 /* thumb.png */; };
		787BD39E211F084100027ED2 /* Write.storyboard in Resources */ = {isa = PBXBuildFile; fileRef = 787BD39D211F084100027ED2 /* Write.storyboard */; };
		787BD3A0211F0AF000027ED2 /* cancel.png in Resources */ = {isa = PBXBuildFile; fileRef = 787BD39F211F0AF000027ED2 /* cancel.png */; };
		787BD3A4211F12F500027ED2 /* WriteVC.swift in Sources */ = {isa = PBXBuildFile; fileRef = 787BD3A3211F12F500027ED2 /* WriteVC.swift */; };
		787BD3A6211F19C500027ED2 /* User.swift in Sources */ = {isa = PBXBuildFile; fileRef = 787BD3A5211F19C500027ED2 /* User.swift */; };
		787BD3A8211F487700027ED2 /* Post.swift in Sources */ = {isa = PBXBuildFile; fileRef = 787BD3A7211F487700027ED2 /* Post.swift */; };
		787BD3AA211F564000027ED2 /* logo.png in Resources */ = {isa = PBXBuildFile; fileRef = 787BD3A9211F564000027ED2 /* logo.png */; };
		787BE5D2211EB37200485B62 /* AppDelegate.swift in Sources */ = {isa = PBXBuildFile; fileRef = 787BE5D1211EB37200485B62 /* AppDelegate.swift */; };
		787BE5D4211EB37200485B62 /* ViewController.swift in Sources */ = {isa = PBXBuildFile; fileRef = 787BE5D3211EB37200485B62 /* ViewController.swift */; };
		787BE5D7211EB37200485B62 /* Feed.storyboard in Resources */ = {isa = PBXBuildFile; fileRef = 787BE5D5211EB37200485B62 /* Feed.storyboard */; };
		787BE5D9211EB37500485B62 /* Assets.xcassets in Resources */ = {isa = PBXBuildFile; fileRef = 787BE5D8211EB37500485B62 /* Assets.xcassets */; };
		787BE5DC211EB37500485B62 /* LaunchScreen.storyboard in Resources */ = {isa = PBXBuildFile; fileRef = 787BE5DA211EB37500485B62 /* LaunchScreen.storyboard */; };
		787BE5E5211EB4FB00485B62 /* FeedCell.swift in Sources */ = {isa = PBXBuildFile; fileRef = 787BE5E3211EB4FB00485B62 /* FeedCell.swift */; };
		787BE5E6211EB4FB00485B62 /* FeedCell.xib in Resources */ = {isa = PBXBuildFile; fileRef = 787BE5E4211EB4FB00485B62 /* FeedCell.xib */; };
		78E4B368211EBA5E0088898D /* temp.jpg in Resources */ = {isa = PBXBuildFile; fileRef = 78E4B367211EBA5E0088898D /* temp.jpg */; };
		78E4B36D211EBBA80088898D /* TabBar.storyboard in Resources */ = {isa = PBXBuildFile; fileRef = 78E4B36C211EBBA80088898D /* TabBar.storyboard */; };
		78E4B36F211EBD180088898D /* Login.storyboard in Resources */ = {isa = PBXBuildFile; fileRef = 78E4B36E211EBD180088898D /* Login.storyboard */; };
		78E4B374211EC0670088898D /* API.swift in Sources */ = {isa = PBXBuildFile; fileRef = 78E4B373211EC0670088898D /* API.swift */; };
		78E4B378211EC1310088898D /* RegisterVC.swift in Sources */ = {isa = PBXBuildFile; fileRef = 78E4B377211EC1310088898D /* RegisterVC.swift */; };
		78ECA848211ED26B005070E5 /* DetailVC.swift in Sources */ = {isa = PBXBuildFile; fileRef = 78ECA847211ED26B005070E5 /* DetailVC.swift */; };
/* End PBXBuildFile section */

/* Begin PBXFileReference section */
		583D90F463716C46E947659F /* Pods-NamYangju-Hackathon.debug.xcconfig */ = {isa = PBXFileReference; includeInIndex = 1; lastKnownFileType = text.xcconfig; name = "Pods-NamYangju-Hackathon.debug.xcconfig"; path = "Pods/Target Support Files/Pods-NamYangju-Hackathon/Pods-NamYangju-Hackathon.debug.xcconfig"; sourceTree = "<group>"; };
		78633E79211EC17100E658C4 /* LoginVC.swift */ = {isa = PBXFileReference; fileEncoding = 4; lastKnownFileType = sourcecode.swift; path = LoginVC.swift; sourceTree = "<group>"; };
		787BD39B211F061100027ED2 /* thumb.png */ = {isa = PBXFileReference; lastKnownFileType = image.png; path = thumb.png; sourceTree = "<group>"; };
		787BD39D211F084100027ED2 /* Write.storyboard */ = {isa = PBXFileReference; lastKnownFileType = file.storyboard; path = Write.storyboard; sourceTree = "<group>"; };
		787BD39F211F0AF000027ED2 /* cancel.png */ = {isa = PBXFileReference; lastKnownFileType = image.png; path = cancel.png; sourceTree = "<group>"; };
		787BD3A3211F12F500027ED2 /* WriteVC.swift */ = {isa = PBXFileReference; lastKnownFileType = sourcecode.swift; name = WriteVC.swift; path = ../View/WriteVC.swift; sourceTree = "<group>"; };
		787BD3A5211F19C500027ED2 /* User.swift */ = {isa = PBXFileReference; lastKnownFileType = sourcecode.swift; path = User.swift; sourceTree = "<group>"; };
		787BD3A7211F487700027ED2 /* Post.swift */ = {isa = PBXFileReference; lastKnownFileType = sourcecode.swift; path = Post.swift; sourceTree = "<group>"; };
		787BD3A9211F564000027ED2 /* logo.png */ = {isa = PBXFileReference; lastKnownFileType = image.png; path = logo.png; sourceTree = "<group>"; };
		787BE5CE211EB37200485B62 /* NamYangju-Hackathon.app */ = {isa = PBXFileReference; explicitFileType = wrapper.application; includeInIndex = 0; path = "NamYangju-Hackathon.app"; sourceTree = BUILT_PRODUCTS_DIR; };
		787BE5D1211EB37200485B62 /* AppDelegate.swift */ = {isa = PBXFileReference; lastKnownFileType = sourcecode.swift; path = AppDelegate.swift; sourceTree = "<group>"; };
		787BE5D3211EB37200485B62 /* ViewController.swift */ = {isa = PBXFileReference; lastKnownFileType = sourcecode.swift; path = ViewController.swift; sourceTree = "<group>"; };
		787BE5D6211EB37200485B62 /* Base */ = {isa = PBXFileReference; lastKnownFileType = file.storyboard; name = Base; path = Base.lproj/Feed.storyboard; sourceTree = "<group>"; };
		787BE5D8211EB37500485B62 /* Assets.xcassets */ = {isa = PBXFileReference; lastKnownFileType = folder.assetcatalog; path = Assets.xcassets; sourceTree = "<group>"; };
		787BE5DB211EB37500485B62 /* Base */ = {isa = PBXFileReference; lastKnownFileType = file.storyboard; name = Base; path = Base.lproj/LaunchScreen.storyboard; sourceTree = "<group>"; };
		787BE5DD211EB37500485B62 /* Info.plist */ = {isa = PBXFileReference; lastKnownFileType = text.plist.xml; path = Info.plist; sourceTree = "<group>"; };
		787BE5E3211EB4FB00485B62 /* FeedCell.swift */ = {isa = PBXFileReference; lastKnownFileType = sourcecode.swift; path = FeedCell.swift; sourceTree = "<group>"; };
		787BE5E4211EB4FB00485B62 /* FeedCell.xib */ = {isa = PBXFileReference; lastKnownFileType = file.xib; path = FeedCell.xib; sourceTree = "<group>"; };
		78E4B367211EBA5E0088898D /* temp.jpg */ = {isa = PBXFileReference; lastKnownFileType = image.jpeg; path = temp.jpg; sourceTree = "<group>"; };
		78E4B36C211EBBA80088898D /* TabBar.storyboard */ = {isa = PBXFileReference; lastKnownFileType = file.storyboard; path = TabBar.storyboard; sourceTree = "<group>"; };
		78E4B36E211EBD180088898D /* Login.storyboard */ = {isa = PBXFileReference; lastKnownFileType = file.storyboard; path = Login.storyboard; sourceTree = "<group>"; };
		78E4B373211EC0670088898D /* API.swift */ = {isa = PBXFileReference; lastKnownFileType = sourcecode.swift; path = API.swift; sourceTree = "<group>"; };
		78E4B377211EC1310088898D /* RegisterVC.swift */ = {isa = PBXFileReference; lastKnownFileType = sourcecode.swift; path = RegisterVC.swift; sourceTree = "<group>"; };
		78ECA847211ED26B005070E5 /* DetailVC.swift */ = {isa = PBXFileReference; lastKnownFileType = sourcecode.swift; name = DetailVC.swift; path = "NamYangju-Hackathon/Controller/DetailVC.swift"; sourceTree = SOURCE_ROOT; };
		9A34414AAE34371802C36F68 /* Pods_NamYangju_Hackathon.framework */ = {isa = PBXFileReference; explicitFileType = wrapper.framework; includeInIndex = 0; path = Pods_NamYangju_Hackathon.framework; sourceTree = BUILT_PRODUCTS_DIR; };
		C8B730B45B635677EC7C5B98 /* Pods-NamYangju-Hackathon.release.xcconfig */ = {isa = PBXFileReference; includeInIndex = 1; lastKnownFileType = text.xcconfig; name = "Pods-NamYangju-Hackathon.release.xcconfig"; path = "Pods/Target Support Files/Pods-NamYangju-Hackathon/Pods-NamYangju-Hackathon.release.xcconfig"; sourceTree = "<group>"; };
/* End PBXFileReference section */

/* Begin PBXFrameworksBuildPhase section */
		787BE5CB211EB37200485B62 /* Frameworks */ = {
			isa = PBXFrameworksBuildPhase;
			buildActionMask = 2147483647;
			files = (
				1612DC4A418B21F47730211A /* Pods_NamYangju_Hackathon.framework in Frameworks */,
			);
			runOnlyForDeploymentPostprocessing = 0;
		};
/* End PBXFrameworksBuildPhase section */

/* Begin PBXGroup section */
		07B62BABA05835513FDC9CB1 /* Pods */ = {
			isa = PBXGroup;
			children = (
				583D90F463716C46E947659F /* Pods-NamYangju-Hackathon.debug.xcconfig */,
				C8B730B45B635677EC7C5B98 /* Pods-NamYangju-Hackathon.release.xcconfig */,
			);
			name = Pods;
			sourceTree = "<group>";
		};
		1C8E03A88FE4BB4B4A18BBEB /* Frameworks */ = {
			isa = PBXGroup;
			children = (
				9A34414AAE34371802C36F68 /* Pods_NamYangju_Hackathon.framework */,
			);
			name = Frameworks;
			sourceTree = "<group>";
		};
		78633E7B211EC6E800E658C4 /* cells */ = {
			isa = PBXGroup;
			children = (
				787BE5E4211EB4FB00485B62 /* FeedCell.xib */,
				787BE5E3211EB4FB00485B62 /* FeedCell.swift */,
			);
			path = cells;
			sourceTree = "<group>";
		};
		787BE5C5211EB37200485B62 = {
			isa = PBXGroup;
			children = (
				787BE5D0211EB37200485B62 /* NamYangju-Hackathon */,
				787BE5CF211EB37200485B62 /* Products */,
				07B62BABA05835513FDC9CB1 /* Pods */,
				1C8E03A88FE4BB4B4A18BBEB /* Frameworks */,
			);
			sourceTree = "<group>";
		};
		787BE5CF211EB37200485B62 /* Products */ = {
			isa = PBXGroup;
			children = (
				787BE5CE211EB37200485B62 /* NamYangju-Hackathon.app */,
			);
			name = Products;
			sourceTree = "<group>";
		};
		787BE5D0211EB37200485B62 /* NamYangju-Hackathon */ = {
			isa = PBXGroup;
			children = (
				78E4B367211EBA5E0088898D /* temp.jpg */,
				787BE5D1211EB37200485B62 /* AppDelegate.swift */,
				787BD3A9211F564000027ED2 /* logo.png */,
				787BD39F211F0AF000027ED2 /* cancel.png */,
				787BD39B211F061100027ED2 /* thumb.png */,
				78E4B372211EC05B0088898D /* Model */,
				78E4B379211EC13A0088898D /* Controller */,
				78E4B369211EBB6B0088898D /* View */,
				787BE5D8211EB37500485B62 /* Assets.xcassets */,
				787BE5DA211EB37500485B62 /* LaunchScreen.storyboard */,
				787BE5DD211EB37500485B62 /* Info.plist */,
			);
			path = "NamYangju-Hackathon";
			sourceTree = "<group>";
		};
		78E4B369211EBB6B0088898D /* View */ = {
			isa = PBXGroup;
			children = (
				78633E7B211EC6E800E658C4 /* cells */,
				787BE5D5211EB37200485B62 /* Feed.storyboard */,
				78E4B36C211EBBA80088898D /* TabBar.storyboard */,
				78E4B36E211EBD180088898D /* Login.storyboard */,
				787BD39D211F084100027ED2 /* Write.storyboard */,
			);
			path = View;
			sourceTree = "<group>";
		};
		78E4B372211EC05B0088898D /* Model */ = {
			isa = PBXGroup;
			children = (
				78E4B373211EC0670088898D /* API.swift */,
				787BD3A5211F19C500027ED2 /* User.swift */,
				787BD3A7211F487700027ED2 /* Post.swift */,
			);
			path = Model;
			sourceTree = "<group>";
		};
		78E4B379211EC13A0088898D /* Controller */ = {
			isa = PBXGroup;
			children = (
				787BD3A3211F12F500027ED2 /* WriteVC.swift */,
				787BE5D3211EB37200485B62 /* ViewController.swift */,
				78633E79211EC17100E658C4 /* LoginVC.swift */,
				78ECA847211ED26B005070E5 /* DetailVC.swift */,
				78E4B377211EC1310088898D /* RegisterVC.swift */,
			);
			path = Controller;
			sourceTree = "<group>";
		};
/* End PBXGroup section */

/* Begin PBXNativeTarget section */
		787BE5CD211EB37200485B62 /* NamYangju-Hackathon */ = {
			isa = PBXNativeTarget;
			buildConfigurationList = 787BE5E0211EB37500485B62 /* Build configuration list for PBXNativeTarget "NamYangju-Hackathon" */;
			buildPhases = (
				17D14D9BF3881DA5433E2768 /* [CP] Check Pods Manifest.lock */,
				787BE5CA211EB37200485B62 /* Sources */,
				787BE5CB211EB37200485B62 /* Frameworks */,
				787BE5CC211EB37200485B62 /* Resources */,
				C43F09CE1560479899E34C9B /* [CP] Embed Pods Frameworks */,
			);
			buildRules = (
			);
			dependencies = (
			);
			name = "NamYangju-Hackathon";
			productName = "NamYangju-Hackathon";
			productReference = 787BE5CE211EB37200485B62 /* NamYangju-Hackathon.app */;
			productType = "com.apple.product-type.application";
		};
/* End PBXNativeTarget section */

/* Begin PBXProject section */
		787BE5C6211EB37200485B62 /* Project object */ = {
			isa = PBXProject;
			attributes = {
				LastSwiftUpdateCheck = 0940;
				LastUpgradeCheck = 0940;
				ORGANIZATIONNAME = "이창현";
				TargetAttributes = {
					787BE5CD211EB37200485B62 = {
						CreatedOnToolsVersion = 9.4.1;
					};
				};
			};
			buildConfigurationList = 787BE5C9211EB37200485B62 /* Build configuration list for PBXProject "NamYangju-Hackathon" */;
			compatibilityVersion = "Xcode 9.3";
			developmentRegion = en;
			hasScannedForEncodings = 0;
			knownRegions = (
				en,
				Base,
			);
			mainGroup = 787BE5C5211EB37200485B62;
			productRefGroup = 787BE5CF211EB37200485B62 /* Products */;
			projectDirPath = "";
			projectRoot = "";
			targets = (
				787BE5CD211EB37200485B62 /* NamYangju-Hackathon */,
			);
		};
/* End PBXProject section */

/* Begin PBXResourcesBuildPhase section */
		787BE5CC211EB37200485B62 /* Resources */ = {
			isa = PBXResourcesBuildPhase;
			buildActionMask = 2147483647;
			files = (
				787BE5DC211EB37500485B62 /* LaunchScreen.storyboard in Resources */,
				787BE5E6211EB4FB00485B62 /* FeedCell.xib in Resources */,
				787BD39E211F084100027ED2 /* Write.storyboard in Resources */,
				787BD3A0211F0AF000027ED2 /* cancel.png in Resources */,
				787BD3AA211F564000027ED2 /* logo.png in Resources */,
				787BD39C211F061100027ED2 /* thumb.png in Resources */,
				78E4B36F211EBD180088898D /* Login.storyboard in Resources */,
				787BE5D9211EB37500485B62 /* Assets.xcassets in Resources */,
				78E4B368211EBA5E0088898D /* temp.jpg in Resources */,
				78E4B36D211EBBA80088898D /* TabBar.storyboard in Resources */,
				787BE5D7211EB37200485B62 /* Feed.storyboard in Resources */,
			);
			runOnlyForDeploymentPostprocessing = 0;
		};
/* End PBXResourcesBuildPhase section */

/* Begin PBXShellScriptBuildPhase section */
		17D14D9BF3881DA5433E2768 /* [CP] Check Pods Manifest.lock */ = {
			isa = PBXShellScriptBuildPhase;
			buildActionMask = 2147483647;
			files = (
			);
			inputPaths = (
				"${PODS_PODFILE_DIR_PATH}/Podfile.lock",
				"${PODS_ROOT}/Manifest.lock",
			);
			name = "[CP] Check Pods Manifest.lock";
			outputPaths = (
				"$(DERIVED_FILE_DIR)/Pods-NamYangju-Hackathon-checkManifestLockResult.txt",
			);
			runOnlyForDeploymentPostprocessing = 0;
			shellPath = /bin/sh;
			shellScript = "diff \"${PODS_PODFILE_DIR_PATH}/Podfile.lock\" \"${PODS_ROOT}/Manifest.lock\" > /dev/null\nif [ $? != 0 ] ; then\n    # print error to STDERR\n    echo \"error: The sandbox is not in sync with the Podfile.lock. Run 'pod install' or update your CocoaPods installation.\" >&2\n    exit 1\nfi\n# This output is used by Xcode 'outputs' to avoid re-running this script phase.\necho \"SUCCESS\" > \"${SCRIPT_OUTPUT_FILE_0}\"\n";
			showEnvVarsInLog = 0;
		};
		C43F09CE1560479899E34C9B /* [CP] Embed Pods Frameworks */ = {
			isa = PBXShellScriptBuildPhase;
			buildActionMask = 2147483647;
			files = (
			);
			inputPaths = (
				"${SRCROOT}/Pods/Target Support Files/Pods-NamYangju-Hackathon/Pods-NamYangju-Hackathon-frameworks.sh",
				"${BUILT_PRODUCTS_DIR}/Alamofire/Alamofire.framework",
				"${BUILT_PRODUCTS_DIR}/Alertift/Alertift.framework",
				"${BUILT_PRODUCTS_DIR}/Motion/Motion.framework",
				"${BUILT_PRODUCTS_DIR}/SDWebImage/SDWebImage.framework",
				"${BUILT_PRODUCTS_DIR}/SwiftyJSON/SwiftyJSON.framework",
				"${BUILT_PRODUCTS_DIR}/libwebp/libwebp.framework",
			);
			name = "[CP] Embed Pods Frameworks";
			outputPaths = (
				"${TARGET_BUILD_DIR}/${FRAMEWORKS_FOLDER_PATH}/Alamofire.framework",
				"${TARGET_BUILD_DIR}/${FRAMEWORKS_FOLDER_PATH}/Alertift.framework",
				"${TARGET_BUILD_DIR}/${FRAMEWORKS_FOLDER_PATH}/Motion.framework",
				"${TARGET_BUILD_DIR}/${FRAMEWORKS_FOLDER_PATH}/SDWebImage.framework",
				"${TARGET_BUILD_DIR}/${FRAMEWORKS_FOLDER_PATH}/SwiftyJSON.framework",
				"${TARGET_BUILD_DIR}/${FRAMEWORKS_FOLDER_PATH}/libwebp.framework",
			);
			runOnlyForDeploymentPostprocessing = 0;
			shellPath = /bin/sh;
			shellScript = "\"${SRCROOT}/Pods/Target Support Files/Pods-NamYangju-Hackathon/Pods-NamYangju-Hackathon-frameworks.sh\"\n";
			showEnvVarsInLog = 0;
		};
/* End PBXShellScriptBuildPhase section */

/* Begin PBXSourcesBuildPhase section */
		787BE5CA211EB37200485B62 /* Sources */ = {
			isa = PBXSourcesBuildPhase;
			buildActionMask = 2147483647;
			files = (
				787BE5D4211EB37200485B62 /* ViewController.swift in Sources */,
				787BE5D2211EB37200485B62 /* AppDelegate.swift in Sources */,
				787BD3A4211F12F500027ED2 /* WriteVC.swift in Sources */,
				78633E7A211EC17100E658C4 /* LoginVC.swift in Sources */,
				78E4B378211EC1310088898D /* RegisterVC.swift in Sources */,
				787BD3A6211F19C500027ED2 /* User.swift in Sources */,
				787BE5E5211EB4FB00485B62 /* FeedCell.swift in Sources */,
				78E4B374211EC0670088898D /* API.swift in Sources */,
				78ECA848211ED26B005070E5 /* DetailVC.swift in Sources */,
				787BD3A8211F487700027ED2 /* Post.swift in Sources */,
			);
			runOnlyForDeploymentPostprocessing = 0;
		};
/* End PBXSourcesBuildPhase section */

/* Begin PBXVariantGroup section */
		787BE5D5211EB37200485B62 /* Feed.storyboard */ = {
			isa = PBXVariantGroup;
			children = (
				787BE5D6211EB37200485B62 /* Base */,
			);
			name = Feed.storyboard;
			sourceTree = "<group>";
		};
		787BE5DA211EB37500485B62 /* LaunchScreen.storyboard */ = {
			isa = PBXVariantGroup;
			children = (
				787BE5DB211EB37500485B62 /* Base */,
			);
			name = LaunchScreen.storyboard;
			sourceTree = "<group>";
		};
/* End PBXVariantGroup section */

/* Begin XCBuildConfiguration section */
		787BE5DE211EB37500485B62 /* Debug */ = {
			isa = XCBuildConfiguration;
			buildSettings = {
				ALWAYS_SEARCH_USER_PATHS = NO;
				CLANG_ANALYZER_NONNULL = YES;
				CLANG_ANALYZER_NUMBER_OBJECT_CONVERSION = YES_AGGRESSIVE;
				CLANG_CXX_LANGUAGE_STANDARD = "gnu++14";
				CLANG_CXX_LIBRARY = "libc++";
				CLANG_ENABLE_MODULES = YES;
				CLANG_ENABLE_OBJC_ARC = YES;
				CLANG_ENABLE_OBJC_WEAK = YES;
				CLANG_WARN_BLOCK_CAPTURE_AUTORELEASING = YES;
				CLANG_WARN_BOOL_CONVERSION = YES;
				CLANG_WARN_COMMA = YES;
				CLANG_WARN_CONSTANT_CONVERSION = YES;
				CLANG_WARN_DEPRECATED_OBJC_IMPLEMENTATIONS = YES;
				CLANG_WARN_DIRECT_OBJC_ISA_USAGE = YES_ERROR;
				CLANG_WARN_DOCUMENTATION_COMMENTS = YES;
				CLANG_WARN_EMPTY_BODY = YES;
				CLANG_WARN_ENUM_CONVERSION = YES;
				CLANG_WARN_INFINITE_RECURSION = YES;
				CLANG_WARN_INT_CONVERSION = YES;
				CLANG_WARN_NON_LITERAL_NULL_CONVERSION = YES;
				CLANG_WARN_OBJC_IMPLICIT_RETAIN_SELF = YES;
				CLANG_WARN_OBJC_LITERAL_CONVERSION = YES;
				CLANG_WARN_OBJC_ROOT_CLASS = YES_ERROR;
				CLANG_WARN_RANGE_LOOP_ANALYSIS = YES;
				CLANG_WARN_STRICT_PROTOTYPES = YES;
				CLANG_WARN_SUSPICIOUS_MOVE = YES;
				CLANG_WARN_UNGUARDED_AVAILABILITY = YES_AGGRESSIVE;
				CLANG_WARN_UNREACHABLE_CODE = YES;
				CLANG_WARN__DUPLICATE_METHOD_MATCH = YES;
				CODE_SIGN_IDENTITY = "iPhone Developer";
				COPY_PHASE_STRIP = NO;
				DEBUG_INFORMATION_FORMAT = dwarf;
				ENABLE_STRICT_OBJC_MSGSEND = YES;
				ENABLE_TESTABILITY = YES;
				GCC_C_LANGUAGE_STANDARD = gnu11;
				GCC_DYNAMIC_NO_PIC = NO;
				GCC_NO_COMMON_BLOCKS = YES;
				GCC_OPTIMIZATION_LEVEL = 0;
				GCC_PREPROCESSOR_DEFINITIONS = (
					"DEBUG=1",
					"$(inherited)",
				);
				GCC_WARN_64_TO_32_BIT_CONVERSION = YES;
				GCC_WARN_ABOUT_RETURN_TYPE = YES_ERROR;
				GCC_WARN_UNDECLARED_SELECTOR = YES;
				GCC_WARN_UNINITIALIZED_AUTOS = YES_AGGRESSIVE;
				GCC_WARN_UNUSED_FUNCTION = YES;
				GCC_WARN_UNUSED_VARIABLE = YES;
				IPHONEOS_DEPLOYMENT_TARGET = 11.4;
				MTL_ENABLE_DEBUG_INFO = YES;
				ONLY_ACTIVE_ARCH = YES;
				SDKROOT = iphoneos;
				SWIFT_ACTIVE_COMPILATION_CONDITIONS = DEBUG;
				SWIFT_OPTIMIZATION_LEVEL = "-Onone";
			};
			name = Debug;
		};
		787BE5DF211EB37500485B62 /* Release */ = {
			isa = XCBuildConfiguration;
			buildSettings = {
				ALWAYS_SEARCH_USER_PATHS = NO;
				CLANG_ANALYZER_NONNULL = YES;
				CLANG_ANALYZER_NUMBER_OBJECT_CONVERSION = YES_AGGRESSIVE;
				CLANG_CXX_LANGUAGE_STANDARD = "gnu++14";
				CLANG_CXX_LIBRARY = "libc++";
				CLANG_ENABLE_MODULES = YES;
				CLANG_ENABLE_OBJC_ARC = YES;
				CLANG_ENABLE_OBJC_WEAK = YES;
				CLANG_WARN_BLOCK_CAPTURE_AUTORELEASING = YES;
				CLANG_WARN_BOOL_CONVERSION = YES;
				CLANG_WARN_COMMA = YES;
				CLANG_WARN_CONSTANT_CONVERSION = YES;
				CLANG_WARN_DEPRECATED_OBJC_IMPLEMENTATIONS = YES;
				CLANG_WARN_DIRECT_OBJC_ISA_USAGE = YES_ERROR;
				CLANG_WARN_DOCUMENTATION_COMMENTS = YES;
				CLANG_WARN_EMPTY_BODY = YES;
				CLANG_WARN_ENUM_CONVERSION = YES;
				CLANG_WARN_INFINITE_RECURSION = YES;
				CLANG_WARN_INT_CONVERSION = YES;
				CLANG_WARN_NON_LITERAL_NULL_CONVERSION = YES;
				CLANG_WARN_OBJC_IMPLICIT_RETAIN_SELF = YES;
				CLANG_WARN_OBJC_LITERAL_CONVERSION = YES;
				CLANG_WARN_OBJC_ROOT_CLASS = YES_ERROR;
				CLANG_WARN_RANGE_LOOP_ANALYSIS = YES;
				CLANG_WARN_STRICT_PROTOTYPES = YES;
				CLANG_WARN_SUSPICIOUS_MOVE = YES;
				CLANG_WARN_UNGUARDED_AVAILABILITY = YES_AGGRESSIVE;
				CLANG_WARN_UNREACHABLE_CODE = YES;
				CLANG_WARN__DUPLICATE_METHOD_MATCH = YES;
				CODE_SIGN_IDENTITY = "iPhone Developer";
				COPY_PHASE_STRIP = NO;
				DEBUG_INFORMATION_FORMAT = "dwarf-with-dsym";
				ENABLE_NS_ASSERTIONS = NO;
				ENABLE_STRICT_OBJC_MSGSEND = YES;
				GCC_C_LANGUAGE_STANDARD = gnu11;
				GCC_NO_COMMON_BLOCKS = YES;
				GCC_WARN_64_TO_32_BIT_CONVERSION = YES;
				GCC_WARN_ABOUT_RETURN_TYPE = YES_ERROR;
				GCC_WARN_UNDECLARED_SELECTOR = YES;
				GCC_WARN_UNINITIALIZED_AUTOS = YES_AGGRESSIVE;
				GCC_WARN_UNUSED_FUNCTION = YES;
				GCC_WARN_UNUSED_VARIABLE = YES;
				IPHONEOS_DEPLOYMENT_TARGET = 11.4;
				MTL_ENABLE_DEBUG_INFO = NO;
				SDKROOT = iphoneos;
				SWIFT_COMPILATION_MODE = wholemodule;
				SWIFT_OPTIMIZATION_LEVEL = "-O";
				VALIDATE_PRODUCT = YES;
			};
			name = Release;
		};
		787BE5E1211EB37500485B62 /* Debug */ = {
			isa = XCBuildConfiguration;
			baseConfigurationReference = 583D90F463716C46E947659F /* Pods-NamYangju-Hackathon.debug.xcconfig */;
			buildSettings = {
				ASSETCATALOG_COMPILER_APPICON_NAME = AppIcon;
				CODE_SIGN_STYLE = Automatic;
				DEVELOPMENT_TEAM = A358VZ5QEA;
				INFOPLIST_FILE = "NamYangju-Hackathon/Info.plist";
				LD_RUNPATH_SEARCH_PATHS = (
					"$(inherited)",
					"@executable_path/Frameworks",
				);
				PRODUCT_BUNDLE_IDENTIFIER = "changhyeon.NamYangju-Hackathon";
				PRODUCT_NAME = "$(TARGET_NAME)";
				SWIFT_VERSION = 4.0;
				TARGETED_DEVICE_FAMILY = 1;
			};
			name = Debug;
		};
		787BE5E2211EB37500485B62 /* Release */ = {
			isa = XCBuildConfiguration;
			baseConfigurationReference = C8B730B45B635677EC7C5B98 /* Pods-NamYangju-Hackathon.release.xcconfig */;
			buildSettings = {
				ASSETCATALOG_COMPILER_APPICON_NAME = AppIcon;
				CODE_SIGN_STYLE = Automatic;
				DEVELOPMENT_TEAM = A358VZ5QEA;
				INFOPLIST_FILE = "NamYangju-Hackathon/Info.plist";
				LD_RUNPATH_SEARCH_PATHS = (
					"$(inherited)",
					"@executable_path/Frameworks",
				);
				PRODUCT_BUNDLE_IDENTIFIER = "changhyeon.NamYangju-Hackathon";
				PRODUCT_NAME = "$(TARGET_NAME)";
				SWIFT_VERSION = 4.0;
				TARGETED_DEVICE_FAMILY = 1;
			};
			name = Release;
		};
/* End XCBuildConfiguration section */

/* Begin XCConfigurationList section */
		787BE5C9211EB37200485B62 /* Build configuration list for PBXProject "NamYangju-Hackathon" */ = {
			isa = XCConfigurationList;
			buildConfigurations = (
				787BE5DE211EB37500485B62 /* Debug */,
				787BE5DF211EB37500485B62 /* Release */,
			);
			defaultConfigurationIsVisible = 0;
			defaultConfigurationName = Release;
		};
		787BE5E0211EB37500485B62 /* Build configuration list for PBXNativeTarget "NamYangju-Hackathon" */ = {
			isa = XCConfigurationList;
			buildConfigurations = (
				787BE5E1211EB37500485B62 /* Debug */,
				787BE5E2211EB37500485B62 /* Release */,
			);
			defaultConfigurationIsVisible = 0;
			defaultConfigurationName = Release;
		};
/* End XCConfigurationList section */
	};
	rootObject = 787BE5C6211EB37200485B62 /* Project object */;
}
